
Microsoft Visual Studio Solution File, Format Version 12.00
# Visual Studio Version 17
VisualStudioVersion = 17.2.32630.192
MinimumVisualStudioVersion = 10.0.40219.1
Project("{FAE04EC0-301F-11D3-BF4B-00C04F79EFBC}") = "ınt_ornek", "ınt_ornek\ınt_ornek.csproj", "{8413800D-C7C1-4263-BC8D-2342DC3F6579}"
EndProject
Global
	GlobalSection(SolutionConfigurationPlatforms) = preSolution
		Debug|Any CPU = Debug|Any CPU
		Release|Any CPU = Release|Any CPU
	EndGlobalSection
	GlobalSection(ProjectConfigurationPlatforms) = postSolution
		{8413800D-C7C1-4263-BC8D-2342DC3F6579}.Debug|Any CPU.ActiveCfg = Debug|Any CPU
		{8413800D-C7C1-4263-BC8D-2342DC3F6579}.Debug|Any CPU.Build.0 = Debug|Any CPU
		{8413800D-C7C1-4263-BC8D-2342DC3F6579}.Release|Any CPU.ActiveCfg = Release|Any CPU
		{8413800D-C7C1-4263-BC8D-2342DC3F6579}.Release|Any CPU.Build.0 = Release|Any CPU
	EndGlobalSection
	GlobalSection(SolutionProperties) = preSolution
		HideSolutionNode = FALSE
	EndGlobalSection
	GlobalSection(ExtensibilityGlobals) = postSolution
		SolutionGuid = {53B14562-E09B-4DB6-AE30-D2B6C5912BD4}
	EndGlobalSection
EndGlobal
